
Microsoft Visual Studio Solution File, Format Version 12.00
# Visual Studio Version 17
VisualStudioVersion = 17.1.32328.378
MinimumVisualStudioVersion = 10.0.40219.1
Project("{FAE04EC0-301F-11D3-BF4B-00C04F79EFBC}") = "Demo01", "Demo01\Demo01.csproj", "{E7708767-BA16-4DE5-8701-CCBBCFF71A54}"
EndProject
Project("{FAE04EC0-301F-11D3-BF4B-00C04F79EFBC}") = "Demo02", "Demo02\Demo02.csproj", "{37DC773F-B3D9-4E79-9E5D-34DA2B26D9DD}"
EndProject
Project("{FAE04EC0-301F-11D3-BF4B-00C04F79EFBC}") = "Demo03", "Demo03\Demo03.csproj", "{67576CC3-F384-4A64-931F-81146782CEB0}"
EndProject
Project("{FAE04EC0-301F-11D3-BF4B-00C04F79EFBC}") = "Demo03Test", "Demo03Test\Demo03Test.csproj", "{2B79E0B5-46EE-4D3A-90DC-1FF199BDDBFD}"
EndProject
Project("{FAE04EC0-301F-11D3-BF4B-00C04F79EFBC}") = "Demo04", "Demo04\Demo04.csproj", "{0B0E0284-C8A4-492A-AE25-C071E3791A9D}"
EndProject
Global
	GlobalSection(SolutionConfigurationPlatforms) = preSolution
		Debug|Any CPU = Debug|Any CPU
		Release|Any CPU = Release|Any CPU
	EndGlobalSection
	GlobalSection(ProjectConfigurationPlatforms) = postSolution
		{E7708767-BA16-4DE5-8701-CCBBCFF71A54}.Debug|Any CPU.ActiveCfg = Debug|Any CPU
		{E7708767-BA16-4DE5-8701-CCBBCFF71A54}.Debug|Any CPU.Build.0 = Debug|Any CPU
		{E7708767-BA16-4DE5-8701-CCBBCFF71A54}.Release|Any CPU.ActiveCfg = Release|Any CPU
		{E7708767-BA16-4DE5-8701-CCBBCFF71A54}.Release|Any CPU.Build.0 = Release|Any CPU
		{37DC773F-B3D9-4E79-9E5D-34DA2B26D9DD}.Debug|Any CPU.ActiveCfg = Debug|Any CPU
		{37DC773F-B3D9-4E79-9E5D-34DA2B26D9DD}.Debug|Any CPU.Build.0 = Debug|Any CPU
		{37DC773F-B3D9-4E79-9E5D-34DA2B26D9DD}.Release|Any CPU.ActiveCfg = Release|Any CPU
		{37DC773F-B3D9-4E79-9E5D-34DA2B26D9DD}.Release|Any CPU.Build.0 = Release|Any CPU
		{67576CC3-F384-4A64-931F-81146782CEB0}.Debug|Any CPU.ActiveCfg = Debug|Any CPU
		{67576CC3-F384-4A64-931F-81146782CEB0}.Debug|Any CPU.Build.0 = Debug|Any CPU
		{67576CC3-F384-4A64-931F-81146782CEB0}.Release|Any CPU.ActiveCfg = Release|Any CPU
		{67576CC3-F384-4A64-931F-81146782CEB0}.Release|Any CPU.Build.0 = Release|Any CPU
		{2B79E0B5-46EE-4D3A-90DC-1FF199BDDBFD}.Debug|Any CPU.ActiveCfg = Debug|Any CPU
		{2B79E0B5-46EE-4D3A-90DC-1FF199BDDBFD}.Debug|Any CPU.Build.0 = Debug|Any CPU
		{2B79E0B5-46EE-4D3A-90DC-1FF199BDDBFD}.Release|Any CPU.ActiveCfg = Release|Any CPU
		{2B79E0B5-46EE-4D3A-90DC-1FF199BDDBFD}.Release|Any CPU.Build.0 = Release|Any CPU
		{0B0E0284-C8A4-492A-AE25-C071E3791A9D}.Debug|Any CPU.ActiveCfg = Debug|Any CPU
		{0B0E0284-C8A4-492A-AE25-C071E3791A9D}.Debug|Any CPU.Build.0 = Debug|Any CPU
		{0B0E0284-C8A4-492A-AE25-C071E3791A9D}.Release|Any CPU.ActiveCfg = Release|Any CPU
		{0B0E0284-C8A4-492A-AE25-C071E3791A9D}.Release|Any CPU.Build.0 = Release|Any CPU
	EndGlobalSection
	GlobalSection(SolutionProperties) = preSolution
		HideSolutionNode = FALSE
	EndGlobalSection
	GlobalSection(ExtensibilityGlobals) = postSolution
		SolutionGuid = {8FC1679D-097D-4A8D-A65A-CCF9FDBC7206}
	EndGlobalSection
EndGlobal
